// !$*UTF8*$!
{
	archiveVersion = 1;
	classes = {
	};
	objectVersion = 55;
	objects = {

/* Begin PBXBuildFile section */
		2D0129E0283E8A4A00FF4186 /* ShellUtils.swift in Sources */ = {isa = PBXBuildFile; fileRef = 2D0129DF283E8A4A00FF4186 /* ShellUtils.swift */; };
		2D0129EA283E93B600FF4186 /* iOSToolsTest.zip in CopyFiles */ = {isa = PBXBuildFile; fileRef = 2D0129E8283E939400FF4186 /* iOSToolsTest.zip */; };
		FB072DFF2839231A000B370B /* SymbolTableInterpretInfo.swift in Sources */ = {isa = PBXBuildFile; fileRef = FB072DFE2839231A000B370B /* SymbolTableInterpretInfo.swift */; };
		FB072E01283929B8000B370B /* StringTableInterpretInfo.swift in Sources */ = {isa = PBXBuildFile; fileRef = FB072E00283929B8000B370B /* StringTableInterpretInfo.swift */; };
		FB072E03283A601B000B370B /* BaseInterpretInfo.swift in Sources */ = {isa = PBXBuildFile; fileRef = FB072E02283A601B000B370B /* BaseInterpretInfo.swift */; };
		FB072E05283B220E000B370B /* IndirectSymbolTableInterpreter.swift in Sources */ = {isa = PBXBuildFile; fileRef = FB072E04283B220E000B370B /* IndirectSymbolTableInterpreter.swift */; };
		FB072E07283B22B3000B370B /* IndirectSymbolTableInterpreterInfo.swift in Sources */ = {isa = PBXBuildFile; fileRef = FB072E06283B22B3000B370B /* IndirectSymbolTableInterpreterInfo.swift */; };
		FB072E09283B235F000B370B /* IndirectSymbolTableEntryModel.swift in Sources */ = {isa = PBXBuildFile; fileRef = FB072E08283B235F000B370B /* IndirectSymbolTableEntryModel.swift */; };
		FB072E0B283B8560000B370B /* MachoProtocol.swift in Sources */ = {isa = PBXBuildFile; fileRef = FB072E0A283B8560000B370B /* MachoProtocol.swift */; };
		FB072E0F283E818E000B370B /* LazySymbolEntryModel.swift in Sources */ = {isa = PBXBuildFile; fileRef = FB072E0E283E818E000B370B /* LazySymbolEntryModel.swift */; };
		FB072E13283E8714000B370B /* LazySymbolInterpreter.swift in Sources */ = {isa = PBXBuildFile; fileRef = FB072E12283E8714000B370B /* LazySymbolInterpreter.swift */; };
		FBCEE977283290150090B4E6 /* main.swift in Sources */ = {isa = PBXBuildFile; fileRef = FBCEE976283290150090B4E6 /* main.swift */; };
		FBCEE98C283290400090B4E6 /* MachoHeader.swift in Sources */ = {isa = PBXBuildFile; fileRef = FBCEE97F283290400090B4E6 /* MachoHeader.swift */; };
		FBCEE98D283290400090B4E6 /* JYMachoComponent.swift in Sources */ = {isa = PBXBuildFile; fileRef = FBCEE980283290400090B4E6 /* JYMachoComponent.swift */; };
		FBCEE98E283290400090B4E6 /* SymbolTableInterpreter.swift in Sources */ = {isa = PBXBuildFile; fileRef = FBCEE982283290400090B4E6 /* SymbolTableInterpreter.swift */; };
		FBCEE98F283290400090B4E6 /* JYSegment.swift in Sources */ = {isa = PBXBuildFile; fileRef = FBCEE983283290400090B4E6 /* JYSegment.swift */; };
		FBCEE990283290400090B4E6 /* Macho.swift in Sources */ = {isa = PBXBuildFile; fileRef = FBCEE984283290400090B4E6 /* Macho.swift */; };
		FBCEE991283290400090B4E6 /* JYMainCommand.swift in Sources */ = {isa = PBXBuildFile; fileRef = FBCEE986283290400090B4E6 /* JYMainCommand.swift */; };
		FBCEE992283290400090B4E6 /* JYSymbolTableCommand.swift in Sources */ = {isa = PBXBuildFile; fileRef = FBCEE987283290400090B4E6 /* JYSymbolTableCommand.swift */; };
		FBCEE993283290400090B4E6 /* JYBuildVersionCommand.swift in Sources */ = {isa = PBXBuildFile; fileRef = FBCEE988283290400090B4E6 /* JYBuildVersionCommand.swift */; };
		FBCEE994283290400090B4E6 /* JYLoadCommand.swift in Sources */ = {isa = PBXBuildFile; fileRef = FBCEE989283290400090B4E6 /* JYLoadCommand.swift */; };
		FBCEE995283290400090B4E6 /* DynamicSymbolTableCompont.swift in Sources */ = {isa = PBXBuildFile; fileRef = FBCEE98A283290400090B4E6 /* DynamicSymbolTableCompont.swift */; };
		FBCEE996283290400090B4E6 /* SectionHeader.swift in Sources */ = {isa = PBXBuildFile; fileRef = FBCEE98B283290400090B4E6 /* SectionHeader.swift */; };
		FBCEE99A283290470090B4E6 /* TranslationRead.swift in Sources */ = {isa = PBXBuildFile; fileRef = FBCEE998283290470090B4E6 /* TranslationRead.swift */; };
		FBCEE99B283290470090B4E6 /* DataSlice.swift in Sources */ = {isa = PBXBuildFile; fileRef = FBCEE999283290470090B4E6 /* DataSlice.swift */; };
		FBCEE99E2832904D0090B4E6 /* DataExplanation.swift in Sources */ = {isa = PBXBuildFile; fileRef = FBCEE99D2832904D0090B4E6 /* DataExplanation.swift */; };
		FBCEE9A1283290530090B4E6 /* Utils.swift in Sources */ = {isa = PBXBuildFile; fileRef = FBCEE9A0283290530090B4E6 /* Utils.swift */; };
		FBCEE9A5283290630090B4E6 /* JYFile.swift in Sources */ = {isa = PBXBuildFile; fileRef = FBCEE9A4283290630090B4E6 /* JYFile.swift */; };
		FBCEE9A7283293BC0090B4E6 /* CommandLineTool.swift in Sources */ = {isa = PBXBuildFile; fileRef = FBCEE9A6283293BC0090B4E6 /* CommandLineTool.swift */; };
		FBCEE9AC283370E80090B4E6 /* JYMachModel.swift in Sources */ = {isa = PBXBuildFile; fileRef = FBCEE9AB283370E80090B4E6 /* JYMachModel.swift */; };
		FBCEE9AE2833800C0090B4E6 /* JYSymbolTableEntryModel.swift in Sources */ = {isa = PBXBuildFile; fileRef = FBCEE9AD2833800C0090B4E6 /* JYSymbolTableEntryModel.swift */; };
		FBCEE9B52834D5A30090B4E6 /* StringInterpreter.swift in Sources */ = {isa = PBXBuildFile; fileRef = FBCEE9B42834D5A30090B4E6 /* StringInterpreter.swift */; };
		FBCEE9B72834D6710090B4E6 /* BaseInterpreter.swift in Sources */ = {isa = PBXBuildFile; fileRef = FBCEE9B62834D6710090B4E6 /* BaseInterpreter.swift */; };
/* End PBXBuildFile section */

/* Begin PBXCopyFilesBuildPhase section */
		FBCEE971283290150090B4E6 /* CopyFiles */ = {
			isa = PBXCopyFilesBuildPhase;
			buildActionMask = 12;
			dstPath = "";
			dstSubfolderSpec = 16;
			files = (
				2D0129EA283E93B600FF4186 /* iOSToolsTest.zip in CopyFiles */,
			);
			runOnlyForDeploymentPostprocessing = 0;
		};
/* End PBXCopyFilesBuildPhase section */

/* Begin PBXFileReference section */
		2D0129DF283E8A4A00FF4186 /* ShellUtils.swift */ = {isa = PBXFileReference; lastKnownFileType = sourcecode.swift; name = ShellUtils.swift; path = MachOTool/Tools/ShellUtils.swift; sourceTree = SOURCE_ROOT; };
		2D0129E8283E939400FF4186 /* iOSToolsTest.zip */ = {isa = PBXFileReference; lastKnownFileType = archive.zip; name = iOSToolsTest.zip; path = Resoure/iOSToolsTest.zip; sourceTree = SOURCE_ROOT; };
		FB072DFE2839231A000B370B /* SymbolTableInterpretInfo.swift */ = {isa = PBXFileReference; lastKnownFileType = sourcecode.swift; path = SymbolTableInterpretInfo.swift; sourceTree = "<group>"; };
		FB072E00283929B8000B370B /* StringTableInterpretInfo.swift */ = {isa = PBXFileReference; lastKnownFileType = sourcecode.swift; path = StringTableInterpretInfo.swift; sourceTree = "<group>"; };
		FB072E02283A601B000B370B /* BaseInterpretInfo.swift */ = {isa = PBXFileReference; lastKnownFileType = sourcecode.swift; path = BaseInterpretInfo.swift; sourceTree = "<group>"; };
		FB072E04283B220E000B370B /* IndirectSymbolTableInterpreter.swift */ = {isa = PBXFileReference; lastKnownFileType = sourcecode.swift; path = IndirectSymbolTableInterpreter.swift; sourceTree = "<group>"; };
		FB072E06283B22B3000B370B /* IndirectSymbolTableInterpreterInfo.swift */ = {isa = PBXFileReference; lastKnownFileType = sourcecode.swift; path = IndirectSymbolTableInterpreterInfo.swift; sourceTree = "<group>"; };
		FB072E08283B235F000B370B /* IndirectSymbolTableEntryModel.swift */ = {isa = PBXFileReference; lastKnownFileType = sourcecode.swift; path = IndirectSymbolTableEntryModel.swift; sourceTree = "<group>"; };
		FB072E0A283B8560000B370B /* MachoProtocol.swift */ = {isa = PBXFileReference; lastKnownFileType = sourcecode.swift; path = MachoProtocol.swift; sourceTree = "<group>"; };
		FB072E0E283E818E000B370B /* LazySymbolEntryModel.swift */ = {isa = PBXFileReference; lastKnownFileType = sourcecode.swift; path = LazySymbolEntryModel.swift; sourceTree = "<group>"; };
		FB072E12283E8714000B370B /* LazySymbolInterpreter.swift */ = {isa = PBXFileReference; lastKnownFileType = sourcecode.swift; path = LazySymbolInterpreter.swift; sourceTree = "<group>"; };
		FBCEE973283290150090B4E6 /* MachoTool */ = {isa = PBXFileReference; explicitFileType = "compiled.mach-o.executable"; includeInIndex = 0; path = MachoTool; sourceTree = BUILT_PRODUCTS_DIR; };
		FBCEE976283290150090B4E6 /* main.swift */ = {isa = PBXFileReference; lastKnownFileType = sourcecode.swift; path = main.swift; sourceTree = "<group>"; };
		FBCEE97F283290400090B4E6 /* MachoHeader.swift */ = {isa = PBXFileReference; fileEncoding = 4; lastKnownFileType = sourcecode.swift; path = MachoHeader.swift; sourceTree = "<group>"; };
		FBCEE980283290400090B4E6 /* JYMachoComponent.swift */ = {isa = PBXFileReference; fileEncoding = 4; lastKnownFileType = sourcecode.swift; path = JYMachoComponent.swift; sourceTree = "<group>"; };
		FBCEE982283290400090B4E6 /* SymbolTableInterpreter.swift */ = {isa = PBXFileReference; fileEncoding = 4; lastKnownFileType = sourcecode.swift; path = SymbolTableInterpreter.swift; sourceTree = "<group>"; };
		FBCEE983283290400090B4E6 /* JYSegment.swift */ = {isa = PBXFileReference; fileEncoding = 4; lastKnownFileType = sourcecode.swift; path = JYSegment.swift; sourceTree = "<group>"; };
		FBCEE984283290400090B4E6 /* Macho.swift */ = {isa = PBXFileReference; fileEncoding = 4; lastKnownFileType = sourcecode.swift; path = Macho.swift; sourceTree = "<group>"; };
		FBCEE986283290400090B4E6 /* JYMainCommand.swift */ = {isa = PBXFileReference; fileEncoding = 4; lastKnownFileType = sourcecode.swift; path = JYMainCommand.swift; sourceTree = "<group>"; };
		FBCEE987283290400090B4E6 /* JYSymbolTableCommand.swift */ = {isa = PBXFileReference; fileEncoding = 4; lastKnownFileType = sourcecode.swift; path = JYSymbolTableCommand.swift; sourceTree = "<group>"; };
		FBCEE988283290400090B4E6 /* JYBuildVersionCommand.swift */ = {isa = PBXFileReference; fileEncoding = 4; lastKnownFileType = sourcecode.swift; path = JYBuildVersionCommand.swift; sourceTree = "<group>"; };
		FBCEE989283290400090B4E6 /* JYLoadCommand.swift */ = {isa = PBXFileReference; fileEncoding = 4; lastKnownFileType = sourcecode.swift; path = JYLoadCommand.swift; sourceTree = "<group>"; };
		FBCEE98A283290400090B4E6 /* DynamicSymbolTableCompont.swift */ = {isa = PBXFileReference; fileEncoding = 4; lastKnownFileType = sourcecode.swift; path = DynamicSymbolTableCompont.swift; sourceTree = "<group>"; };
		FBCEE98B283290400090B4E6 /* SectionHeader.swift */ = {isa = PBXFileReference; fileEncoding = 4; lastKnownFileType = sourcecode.swift; path = SectionHeader.swift; sourceTree = "<group>"; };
		FBCEE998283290470090B4E6 /* TranslationRead.swift */ = {isa = PBXFileReference; fileEncoding = 4; lastKnownFileType = sourcecode.swift; path = TranslationRead.swift; sourceTree = "<group>"; };
		FBCEE999283290470090B4E6 /* DataSlice.swift */ = {isa = PBXFileReference; fileEncoding = 4; lastKnownFileType = sourcecode.swift; path = DataSlice.swift; sourceTree = "<group>"; };
		FBCEE99D2832904D0090B4E6 /* DataExplanation.swift */ = {isa = PBXFileReference; fileEncoding = 4; lastKnownFileType = sourcecode.swift; path = DataExplanation.swift; sourceTree = "<group>"; };
		FBCEE9A0283290530090B4E6 /* Utils.swift */ = {isa = PBXFileReference; fileEncoding = 4; lastKnownFileType = sourcecode.swift; path = Utils.swift; sourceTree = "<group>"; };
		FBCEE9A3283290630090B4E6 /* MachOTool-Bridging-Header.h */ = {isa = PBXFileReference; fileEncoding = 4; lastKnownFileType = sourcecode.c.h; path = "MachOTool-Bridging-Header.h"; sourceTree = "<group>"; };
		FBCEE9A4283290630090B4E6 /* JYFile.swift */ = {isa = PBXFileReference; fileEncoding = 4; lastKnownFileType = sourcecode.swift; path = JYFile.swift; sourceTree = "<group>"; };
		FBCEE9A6283293BC0090B4E6 /* CommandLineTool.swift */ = {isa = PBXFileReference; lastKnownFileType = sourcecode.swift; path = CommandLineTool.swift; sourceTree = "<group>"; };
		FBCEE9AB283370E80090B4E6 /* JYMachModel.swift */ = {isa = PBXFileReference; lastKnownFileType = sourcecode.swift; path = JYMachModel.swift; sourceTree = "<group>"; };
		FBCEE9AD2833800C0090B4E6 /* JYSymbolTableEntryModel.swift */ = {isa = PBXFileReference; lastKnownFileType = sourcecode.swift; path = JYSymbolTableEntryModel.swift; sourceTree = "<group>"; };
		FBCEE9B42834D5A30090B4E6 /* StringInterpreter.swift */ = {isa = PBXFileReference; lastKnownFileType = sourcecode.swift; path = StringInterpreter.swift; sourceTree = "<group>"; };
		FBCEE9B62834D6710090B4E6 /* BaseInterpreter.swift */ = {isa = PBXFileReference; lastKnownFileType = sourcecode.swift; path = BaseInterpreter.swift; sourceTree = "<group>"; };
/* End PBXFileReference section */

/* Begin PBXFrameworksBuildPhase section */
		FBCEE970283290150090B4E6 /* Frameworks */ = {
			isa = PBXFrameworksBuildPhase;
			buildActionMask = 2147483647;
			files = (
			);
			runOnlyForDeploymentPostprocessing = 0;
		};
/* End PBXFrameworksBuildPhase section */

/* Begin PBXGroup section */
		2D0129E9283E939B00FF4186 /* Resoure */ = {
			isa = PBXGroup;
			children = (
				2D0129E8283E939400FF4186 /* iOSToolsTest.zip */,
			);
			path = Resoure;
			sourceTree = "<group>";
		};
		FB072DFD28392307000B370B /* InterpretInfo */ = {
			isa = PBXGroup;
			children = (
				FB072DFE2839231A000B370B /* SymbolTableInterpretInfo.swift */,
				FB072E00283929B8000B370B /* StringTableInterpretInfo.swift */,
				FB072E02283A601B000B370B /* BaseInterpretInfo.swift */,
				FB072E06283B22B3000B370B /* IndirectSymbolTableInterpreterInfo.swift */,
			);
			path = InterpretInfo;
			sourceTree = "<group>";
		};
		FBCEE96A283290150090B4E6 = {
			isa = PBXGroup;
			children = (
				2D0129E9283E939B00FF4186 /* Resoure */,
				FBCEE975283290150090B4E6 /* MachoTool */,
				FBCEE974283290150090B4E6 /* Products */,
			);
			sourceTree = "<group>";
		};
		FBCEE974283290150090B4E6 /* Products */ = {
			isa = PBXGroup;
			children = (
				FBCEE973283290150090B4E6 /* MachoTool */,
			);
			name = Products;
			sourceTree = "<group>";
		};
		FBCEE975283290150090B4E6 /* MachoTool */ = {
			isa = PBXGroup;
			children = (
				FBCEE99F283290530090B4E6 /* Tools */,
				FBCEE9A2283290630090B4E6 /* FileManager */,
				FBCEE99C2832904D0090B4E6 /* Model */,
				FBCEE997283290470090B4E6 /* ConversionTools(转换) */,
				FBCEE97D283290400090B4E6 /* Macho */,
				FBCEE976283290150090B4E6 /* main.swift */,
				FBCEE9A6283293BC0090B4E6 /* CommandLineTool.swift */,
			);
			path = MachoTool;
			sourceTree = "<group>";
		};
		FBCEE97D283290400090B4E6 /* Macho */ = {
			isa = PBXGroup;
			children = (
				FBCEE980283290400090B4E6 /* JYMachoComponent.swift */,
				FBCEE97E283290400090B4E6 /* MachoHeader */,
				FBCEE981283290400090B4E6 /* Interpreter(解释器) */,
				FBCEE983283290400090B4E6 /* JYSegment.swift */,
				FBCEE984283290400090B4E6 /* Macho.swift */,
				FBCEE985283290400090B4E6 /* JYLoadCommand */,
				FBCEE98B283290400090B4E6 /* SectionHeader.swift */,
				FB072E0A283B8560000B370B /* MachoProtocol.swift */,
			);
			path = Macho;
			sourceTree = "<group>";
		};
		FBCEE97E283290400090B4E6 /* MachoHeader */ = {
			isa = PBXGroup;
			children = (
				FBCEE97F283290400090B4E6 /* MachoHeader.swift */,
			);
			path = MachoHeader;
			sourceTree = "<group>";
		};
		FBCEE981283290400090B4E6 /* Interpreter(解释器) */ = {
			isa = PBXGroup;
			children = (
				FBCEE982283290400090B4E6 /* SymbolTableInterpreter.swift */,
				FBCEE9B42834D5A30090B4E6 /* StringInterpreter.swift */,
				FBCEE9B62834D6710090B4E6 /* BaseInterpreter.swift */,
				FB072E04283B220E000B370B /* IndirectSymbolTableInterpreter.swift */,
				FB072E12283E8714000B370B /* LazySymbolInterpreter.swift */,
			);
			path = "Interpreter(解释器)";
			sourceTree = "<group>";
		};
		FBCEE985283290400090B4E6 /* JYLoadCommand */ = {
			isa = PBXGroup;
			children = (
				FBCEE986283290400090B4E6 /* JYMainCommand.swift */,
				FBCEE987283290400090B4E6 /* JYSymbolTableCommand.swift */,
				FBCEE988283290400090B4E6 /* JYBuildVersionCommand.swift */,
				FBCEE989283290400090B4E6 /* JYLoadCommand.swift */,
				FBCEE98A283290400090B4E6 /* DynamicSymbolTableCompont.swift */,
			);
			path = JYLoadCommand;
			sourceTree = "<group>";
		};
		FBCEE997283290470090B4E6 /* ConversionTools(转换) */ = {
			isa = PBXGroup;
			children = (
				FBCEE998283290470090B4E6 /* TranslationRead.swift */,
				FBCEE999283290470090B4E6 /* DataSlice.swift */,
			);
			path = "ConversionTools(转换)";
			sourceTree = "<group>";
		};
		FBCEE99C2832904D0090B4E6 /* Model */ = {
			isa = PBXGroup;
			children = (
				FB072DFD28392307000B370B /* InterpretInfo */,
				FBCEE9AA283370BA0090B4E6 /* MachoBaseModel */,
				FBCEE99D2832904D0090B4E6 /* DataExplanation.swift */,
			);
			path = Model;
			sourceTree = "<group>";
		};
		FBCEE99F283290530090B4E6 /* Tools */ = {
			isa = PBXGroup;
			children = (
				2D0129DF283E8A4A00FF4186 /* ShellUtils.swift */,
				FBCEE9A0283290530090B4E6 /* Utils.swift */,
			);
			path = Tools;
			sourceTree = "<group>";
		};
		FBCEE9A2283290630090B4E6 /* FileManager */ = {
			isa = PBXGroup;
			children = (
				FBCEE9A3283290630090B4E6 /* MachOTool-Bridging-Header.h */,
				FBCEE9A4283290630090B4E6 /* JYFile.swift */,
			);
			path = FileManager;
			sourceTree = "<group>";
		};
		FBCEE9AA283370BA0090B4E6 /* MachoBaseModel */ = {
			isa = PBXGroup;
			children = (
				FBCEE9AB283370E80090B4E6 /* JYMachModel.swift */,
				FBCEE9AD2833800C0090B4E6 /* JYSymbolTableEntryModel.swift */,
				FB072E08283B235F000B370B /* IndirectSymbolTableEntryModel.swift */,
				FB072E0E283E818E000B370B /* LazySymbolEntryModel.swift */,
			);
			path = MachoBaseModel;
			sourceTree = "<group>";
		};
/* End PBXGroup section */

/* Begin PBXNativeTarget section */
		FBCEE972283290150090B4E6 /* MachoTool */ = {
			isa = PBXNativeTarget;
			buildConfigurationList = FBCEE97A283290150090B4E6 /* Build configuration list for PBXNativeTarget "MachoTool" */;
			buildPhases = (
				FBCEE96F283290150090B4E6 /* Sources */,
				FBCEE970283290150090B4E6 /* Frameworks */,
				FBCEE971283290150090B4E6 /* CopyFiles */,
			);
			buildRules = (
			);
			dependencies = (
			);
			name = MachoTool;
			productName = MachoTool;
			productReference = FBCEE973283290150090B4E6 /* MachoTool */;
			productType = "com.apple.product-type.tool";
		};
/* End PBXNativeTarget section */

/* Begin PBXProject section */
		FBCEE96B283290150090B4E6 /* Project object */ = {
			isa = PBXProject;
			attributes = {
				BuildIndependentTargetsInParallel = 1;
				LastSwiftUpdateCheck = 1330;
				LastUpgradeCheck = 1330;
				TargetAttributes = {
					FBCEE972283290150090B4E6 = {
						CreatedOnToolsVersion = 13.3.1;
					};
				};
			};
			buildConfigurationList = FBCEE96E283290150090B4E6 /* Build configuration list for PBXProject "MachOTool" */;
			compatibilityVersion = "Xcode 13.0";
			developmentRegion = en;
			hasScannedForEncodings = 0;
			knownRegions = (
				en,
				Base,
			);
			mainGroup = FBCEE96A283290150090B4E6;
			productRefGroup = FBCEE974283290150090B4E6 /* Products */;
			projectDirPath = "";
			projectRoot = "";
			targets = (
				FBCEE972283290150090B4E6 /* MachoTool */,
			);
		};
/* End PBXProject section */

/* Begin PBXSourcesBuildPhase section */
		FBCEE96F283290150090B4E6 /* Sources */ = {
			isa = PBXSourcesBuildPhase;
			buildActionMask = 2147483647;
			files = (
				FB072DFF2839231A000B370B /* SymbolTableInterpretInfo.swift in Sources */,
				FBCEE993283290400090B4E6 /* JYBuildVersionCommand.swift in Sources */,
				FB072E09283B235F000B370B /* IndirectSymbolTableEntryModel.swift in Sources */,
				FBCEE99A283290470090B4E6 /* TranslationRead.swift in Sources */,
				FBCEE996283290400090B4E6 /* SectionHeader.swift in Sources */,
				FBCEE99B283290470090B4E6 /* DataSlice.swift in Sources */,
				FB072E0F283E818E000B370B /* LazySymbolEntryModel.swift in Sources */,
				FBCEE99E2832904D0090B4E6 /* DataExplanation.swift in Sources */,
				FBCEE9A5283290630090B4E6 /* JYFile.swift in Sources */,
				FBCEE9B52834D5A30090B4E6 /* StringInterpreter.swift in Sources */,
				FBCEE98D283290400090B4E6 /* JYMachoComponent.swift in Sources */,
				FBCEE98C283290400090B4E6 /* MachoHeader.swift in Sources */,
				FBCEE995283290400090B4E6 /* DynamicSymbolTableCompont.swift in Sources */,
				FBCEE98E283290400090B4E6 /* SymbolTableInterpreter.swift in Sources */,
				FB072E03283A601B000B370B /* BaseInterpretInfo.swift in Sources */,
				FBCEE994283290400090B4E6 /* JYLoadCommand.swift in Sources */,
				FBCEE990283290400090B4E6 /* Macho.swift in Sources */,
				FBCEE98F283290400090B4E6 /* JYSegment.swift in Sources */,
				FBCEE9A1283290530090B4E6 /* Utils.swift in Sources */,
				FBCEE992283290400090B4E6 /* JYSymbolTableCommand.swift in Sources */,
				2D0129E0283E8A4A00FF4186 /* ShellUtils.swift in Sources */,
				FB072E0B283B8560000B370B /* MachoProtocol.swift in Sources */,
				FBCEE991283290400090B4E6 /* JYMainCommand.swift in Sources */,
				FBCEE9AE2833800C0090B4E6 /* JYSymbolTableEntryModel.swift in Sources */,
				FB072E07283B22B3000B370B /* IndirectSymbolTableInterpreterInfo.swift in Sources */,
				FBCEE9AC283370E80090B4E6 /* JYMachModel.swift in Sources */,
				FBCEE977283290150090B4E6 /* main.swift in Sources */,
				FB072E13283E8714000B370B /* LazySymbolInterpreter.swift in Sources */,
				FBCEE9A7283293BC0090B4E6 /* CommandLineTool.swift in Sources */,
				FBCEE9B72834D6710090B4E6 /* BaseInterpreter.swift in Sources */,
				FB072E01283929B8000B370B /* StringTableInterpretInfo.swift in Sources */,
				FB072E05283B220E000B370B /* IndirectSymbolTableInterpreter.swift in Sources */,
			);
			runOnlyForDeploymentPostprocessing = 0;
		};
/* End PBXSourcesBuildPhase section */

/* Begin XCBuildConfiguration section */
		FBCEE978283290150090B4E6 /* Debug */ = {
			isa = XCBuildConfiguration;
			buildSettings = {
				ALWAYS_SEARCH_USER_PATHS = NO;
				CLANG_ANALYZER_NONNULL = YES;
				CLANG_ANALYZER_NUMBER_OBJECT_CONVERSION = YES_AGGRESSIVE;
				CLANG_CXX_LANGUAGE_STANDARD = "gnu++17";
				CLANG_ENABLE_MODULES = YES;
				CLANG_ENABLE_OBJC_ARC = YES;
				CLANG_ENABLE_OBJC_WEAK = YES;
				CLANG_WARN_BLOCK_CAPTURE_AUTORELEASING = YES;
				CLANG_WARN_BOOL_CONVERSION = YES;
				CLANG_WARN_COMMA = YES;
				CLANG_WARN_CONSTANT_CONVERSION = YES;
				CLANG_WARN_DEPRECATED_OBJC_IMPLEMENTATIONS = YES;
				CLANG_WARN_DIRECT_OBJC_ISA_USAGE = YES_ERROR;
				CLANG_WARN_DOCUMENTATION_COMMENTS = YES;
				CLANG_WARN_EMPTY_BODY = YES;
				CLANG_WARN_ENUM_CONVERSION = YES;
				CLANG_WARN_INFINITE_RECURSION = YES;
				CLANG_WARN_INT_CONVERSION = YES;
				CLANG_WARN_NON_LITERAL_NULL_CONVERSION = YES;
				CLANG_WARN_OBJC_IMPLICIT_RETAIN_SELF = YES;
				CLANG_WARN_OBJC_LITERAL_CONVERSION = YES;
				CLANG_WARN_OBJC_ROOT_CLASS = YES_ERROR;
				CLANG_WARN_QUOTED_INCLUDE_IN_FRAMEWORK_HEADER = YES;
				CLANG_WARN_RANGE_LOOP_ANALYSIS = YES;
				CLANG_WARN_STRICT_PROTOTYPES = YES;
				CLANG_WARN_SUSPICIOUS_MOVE = YES;
				CLANG_WARN_UNGUARDED_AVAILABILITY = YES_AGGRESSIVE;
				CLANG_WARN_UNREACHABLE_CODE = YES;
				CLANG_WARN__DUPLICATE_METHOD_MATCH = YES;
				COPY_PHASE_STRIP = NO;
				DEBUG_INFORMATION_FORMAT = dwarf;
				ENABLE_STRICT_OBJC_MSGSEND = YES;
				ENABLE_TESTABILITY = YES;
				GCC_C_LANGUAGE_STANDARD = gnu11;
				GCC_DYNAMIC_NO_PIC = NO;
				GCC_NO_COMMON_BLOCKS = YES;
				GCC_OPTIMIZATION_LEVEL = 0;
				GCC_PREPROCESSOR_DEFINITIONS = (
					"DEBUG=1",
					"$(inherited)",
				);
				GCC_WARN_64_TO_32_BIT_CONVERSION = YES;
				GCC_WARN_ABOUT_RETURN_TYPE = YES_ERROR;
				GCC_WARN_UNDECLARED_SELECTOR = YES;
				GCC_WARN_UNINITIALIZED_AUTOS = YES_AGGRESSIVE;
				GCC_WARN_UNUSED_FUNCTION = YES;
				GCC_WARN_UNUSED_VARIABLE = YES;
				MACOSX_DEPLOYMENT_TARGET = 12.3;
				MTL_ENABLE_DEBUG_INFO = INCLUDE_SOURCE;
				MTL_FAST_MATH = YES;
				ONLY_ACTIVE_ARCH = YES;
				SDKROOT = macosx;
				SWIFT_ACTIVE_COMPILATION_CONDITIONS = DEBUG;
				SWIFT_OPTIMIZATION_LEVEL = "-Onone";
			};
			name = Debug;
		};
		FBCEE979283290150090B4E6 /* Release */ = {
			isa = XCBuildConfiguration;
			buildSettings = {
				ALWAYS_SEARCH_USER_PATHS = NO;
				CLANG_ANALYZER_NONNULL = YES;
				CLANG_ANALYZER_NUMBER_OBJECT_CONVERSION = YES_AGGRESSIVE;
				CLANG_CXX_LANGUAGE_STANDARD = "gnu++17";
				CLANG_ENABLE_MODULES = YES;
				CLANG_ENABLE_OBJC_ARC = YES;
				CLANG_ENABLE_OBJC_WEAK = YES;
				CLANG_WARN_BLOCK_CAPTURE_AUTORELEASING = YES;
				CLANG_WARN_BOOL_CONVERSION = YES;
				CLANG_WARN_COMMA = YES;
				CLANG_WARN_CONSTANT_CONVERSION = YES;
				CLANG_WARN_DEPRECATED_OBJC_IMPLEMENTATIONS = YES;
				CLANG_WARN_DIRECT_OBJC_ISA_USAGE = YES_ERROR;
				CLANG_WARN_DOCUMENTATION_COMMENTS = YES;
				CLANG_WARN_EMPTY_BODY = YES;
				CLANG_WARN_ENUM_CONVERSION = YES;
				CLANG_WARN_INFINITE_RECURSION = YES;
				CLANG_WARN_INT_CONVERSION = YES;
				CLANG_WARN_NON_LITERAL_NULL_CONVERSION = YES;
				CLANG_WARN_OBJC_IMPLICIT_RETAIN_SELF = YES;
				CLANG_WARN_OBJC_LITERAL_CONVERSION = YES;
				CLANG_WARN_OBJC_ROOT_CLASS = YES_ERROR;
				CLANG_WARN_QUOTED_INCLUDE_IN_FRAMEWORK_HEADER = YES;
				CLANG_WARN_RANGE_LOOP_ANALYSIS = YES;
				CLANG_WARN_STRICT_PROTOTYPES = YES;
				CLANG_WARN_SUSPICIOUS_MOVE = YES;
				CLANG_WARN_UNGUARDED_AVAILABILITY = YES_AGGRESSIVE;
				CLANG_WARN_UNREACHABLE_CODE = YES;
				CLANG_WARN__DUPLICATE_METHOD_MATCH = YES;
				COPY_PHASE_STRIP = NO;
				DEBUG_INFORMATION_FORMAT = "dwarf-with-dsym";
				ENABLE_NS_ASSERTIONS = NO;
				ENABLE_STRICT_OBJC_MSGSEND = YES;
				GCC_C_LANGUAGE_STANDARD = gnu11;
				GCC_NO_COMMON_BLOCKS = YES;
				GCC_WARN_64_TO_32_BIT_CONVERSION = YES;
				GCC_WARN_ABOUT_RETURN_TYPE = YES_ERROR;
				GCC_WARN_UNDECLARED_SELECTOR = YES;
				GCC_WARN_UNINITIALIZED_AUTOS = YES_AGGRESSIVE;
				GCC_WARN_UNUSED_FUNCTION = YES;
				GCC_WARN_UNUSED_VARIABLE = YES;
				MACOSX_DEPLOYMENT_TARGET = 12.3;
				MTL_ENABLE_DEBUG_INFO = NO;
				MTL_FAST_MATH = YES;
				SDKROOT = macosx;
				SWIFT_COMPILATION_MODE = wholemodule;
				SWIFT_OPTIMIZATION_LEVEL = "-O";
			};
			name = Release;
		};
		FBCEE97B283290150090B4E6 /* Debug */ = {
			isa = XCBuildConfiguration;
			buildSettings = {
				CODE_SIGN_STYLE = Automatic;
				DEVELOPMENT_TEAM = SJ7JKKYH4C;
				ENABLE_HARDENED_RUNTIME = YES;
				MACOSX_DEPLOYMENT_TARGET = 12.0;
				PRODUCT_NAME = "$(TARGET_NAME)";
				SWIFT_VERSION = 5.0;
			};
			name = Debug;
		};
		FBCEE97C283290150090B4E6 /* Release */ = {
			isa = XCBuildConfiguration;
			buildSettings = {
				CODE_SIGN_STYLE = Automatic;
				DEVELOPMENT_TEAM = SJ7JKKYH4C;
				ENABLE_HARDENED_RUNTIME = YES;
				MACOSX_DEPLOYMENT_TARGET = 12.0;
				PRODUCT_NAME = "$(TARGET_NAME)";
				SWIFT_VERSION = 5.0;
			};
			name = Release;
		};
/* End XCBuildConfiguration section */

/* Begin XCConfigurationList section */
		FBCEE96E283290150090B4E6 /* Build configuration list for PBXProject "MachOTool" */ = {
			isa = XCConfigurationList;
			buildConfigurations = (
				FBCEE978283290150090B4E6 /* Debug */,
				FBCEE979283290150090B4E6 /* Release */,
			);
			defaultConfigurationIsVisible = 0;
			defaultConfigurationName = Release;
		};
		FBCEE97A283290150090B4E6 /* Build configuration list for PBXNativeTarget "MachoTool" */ = {
			isa = XCConfigurationList;
			buildConfigurations = (
				FBCEE97B283290150090B4E6 /* Debug */,
				FBCEE97C283290150090B4E6 /* Release */,
			);
			defaultConfigurationIsVisible = 0;
			defaultConfigurationName = Release;
		};
/* End XCConfigurationList section */
	};
	rootObject = FBCEE96B283290150090B4E6 /* Project object */;
}
