PODS:
  - MachOTool (1.0.0):
    - MachOTool/Capstone (= 1.0.0)
  - MachOTool/Capstone (1.0.0)

DEPENDENCIES:
  - MachOTool (from `../CLI`)

EXTERNAL SOURCES:
  MachOTool:
    :path: "../CLI"

SPEC CHECKSUMS:
  MachOTool: 6582d31590dd353de9f7120fa3740ea155edc623

PODFILE CHECKSUM: aeec6caa23244696d46002cb652793b0ca269a2b

COCOAPODS: 1.11.0
